
Microsoft Visual Studio Solution File, Format Version 12.00
# Visual Studio Version 17
VisualStudioVersion = 17.7.34003.232
MinimumVisualStudioVersion = 10.0.40219.1
Project("{9A19103F-16F7-4668-BE54-9A1E7A4F7556}") = "ForceDirectedLib", "ForceDirectedLib\ForceDirectedLib.csproj", "{8C377C2F-28A9-4831-8B51-8EDB3E43B91B}"
EndProject
Project("{9A19103F-16F7-4668-BE54-9A1E7A4F7556}") = "ForceDirectedLibDemo", "ForceDirectedLibDemo\ForceDirectedLibDemo.csproj", "{C25C634E-4866-419B-BCE8-572E18F8E0B5}"
EndProject
Global
	GlobalSection(SolutionConfigurationPlatforms) = preSolution
		Debug|Any CPU = Debug|Any CPU
		Release|Any CPU = Release|Any CPU
	EndGlobalSection
	GlobalSection(ProjectConfigurationPlatforms) = postSolution
		{8C377C2F-28A9-4831-8B51-8EDB3E43B91B}.Debug|Any CPU.ActiveCfg = Debug|Any CPU
		{8C377C2F-28A9-4831-8B51-8EDB3E43B91B}.Debug|Any CPU.Build.0 = Debug|Any CPU
		{8C377C2F-28A9-4831-8B51-8EDB3E43B91B}.Release|Any CPU.ActiveCfg = Release|Any CPU
		{8C377C2F-28A9-4831-8B51-8EDB3E43B91B}.Release|Any CPU.Build.0 = Release|Any CPU
		{C25C634E-4866-419B-BCE8-572E18F8E0B5}.Debug|Any CPU.ActiveCfg = Debug|Any CPU
		{C25C634E-4866-419B-BCE8-572E18F8E0B5}.Debug|Any CPU.Build.0 = Debug|Any CPU
		{C25C634E-4866-419B-BCE8-572E18F8E0B5}.Release|Any CPU.ActiveCfg = Release|Any CPU
		{C25C634E-4866-419B-BCE8-572E18F8E0B5}.Release|Any CPU.Build.0 = Release|Any CPU
	EndGlobalSection
	GlobalSection(SolutionProperties) = preSolution
		HideSolutionNode = FALSE
	EndGlobalSection
	GlobalSection(ExtensibilityGlobals) = postSolution
		SolutionGuid = {F8526BEB-FC92-42B5-A14F-8D74503F2DFB}
	EndGlobalSection
EndGlobal
